<?xml version="1.0" encoding="utf-8"?>
<Project ToolsVersion="4.0" xmlns="http://schemas.microsoft.com/developer/msbuild/2003">
  <ItemGroup>
    <Filter Include="Source Files">
      <UniqueIdentifier>{31a7434a-67ee-4e56-8992-8f2ef3179e47}</UniqueIdentifier>
      <Extensions>cpp;c;cxx;rc;def;r;odl;idl;hpj;bat</Extensions>
    </Filter>
    <Filter Include="Header Files">
      <UniqueIdentifier>{57a8baed-34e3-4e59-ad29-578954b74830}</UniqueIdentifier>
      <Extensions>h;hpp;hxx;hm;inl</Extensions>
    </Filter>
    <Filter Include="Resource Files">
      <UniqueIdentifier>{cf8c925f-3619-49cc-967a-fc04de1f32b7}</UniqueIdentifier>
      <Extensions>ico;cur;bmp;dlg;rc2;rct;bin;rgs;gif;jpg;jpeg;jpe</Extensions>
    </Filter>
  </ItemGroup>
  <ItemGroup>
    <ClCompile Include="AboutDlg.cpp">
      <Filter>Source Files</Filter>
    </ClCompile>
    <ClCompile Include="AddClassTest.cpp">
      <Filter>Source Files</Filter>
    </ClCompile>
    <ClCompile Include="LibSrc\buttonST\BtnST.cpp">
      <Filter>Source Files</Filter>
    </ClCompile>
    <ClCompile Include="LibSrc\CheckableGroupBox\CheckableGroupBox.cpp">
      <Filter>Source Files</Filter>
    </ClCompile>
    <ClCompile Include="LibSrc\CheckComboBox\CheckComboBox.cpp">
      <Filter>Source Files</Filter>
    </ClCompile>
    <ClCompile Include="LibSrc\ColorBtn\ColorButton.cpp">
      <Filter>Source Files</Filter>
    </ClCompile>
    <ClCompile Include="ColorPage.cpp">
      <Filter>Source Files</Filter>
    </ClCompile>
    <ClCompile Include="LibSrc\ColorBtn\ColourPopup.cpp">
      <Filter>Source Files</Filter>
    </ClCompile>
    <ClCompile Include="Composite.cpp">
      <Filter>Source Files</Filter>
    </ClCompile>
    <ClCompile Include="CompositeCreator.cpp">
      <Filter>Source Files</Filter>
    </ClCompile>
    <ClCompile Include="CompositeTreeCtrl.cpp">
      <Filter>Source Files</Filter>
    </ClCompile>
    <ClCompile Include="ConcreteCommand.cpp">
      <Filter>Source Files</Filter>
    </ClCompile>
    <ClCompile Include="ConcreteCondition.cpp">
      <Filter>Source Files</Filter>
    </ClCompile>
    <ClCompile Include="CondSetDlg.cpp">
      <Filter>Source Files</Filter>
    </ClCompile>
    <ClCompile Include="CSAccelDlg.cpp">
      <Filter>Source Files</Filter>
    </ClCompile>
    <ClCompile Include="CSAccessTimeDlg.cpp">
      <Filter>Source Files</Filter>
    </ClCompile>
    <ClCompile Include="CSClassDlg.cpp">
      <Filter>Source Files</Filter>
    </ClCompile>
    <ClCompile Include="CSHotkeySetDlg.cpp">
      <Filter>Source Files</Filter>
    </ClCompile>
    <ClCompile Include="CSMeaningDlg.cpp">
      <Filter>Source Files</Filter>
    </ClCompile>
    <ClCompile Include="CSMiscDlg.cpp">
      <Filter>Source Files</Filter>
    </ClCompile>
    <ClCompile Include="CSMoveWordCmdSetDlg.cpp">
      <Filter>Source Files</Filter>
    </ClCompile>
    <ClCompile Include="CSOpenDlgDlg.cpp">
      <Filter>Source Files</Filter>
    </ClCompile>
    <ClCompile Include="CSPhoneticDlg.cpp">
      <Filter>Source Files</Filter>
    </ClCompile>
    <ClCompile Include="CSReciteSchemeDlg.cpp">
      <Filter>Source Files</Filter>
    </ClCompile>
    <ClCompile Include="CSRemarkDlg.cpp">
      <Filter>Source Files</Filter>
    </ClCompile>
    <ClCompile Include="CSRootDlg.cpp">
      <Filter>Source Files</Filter>
    </ClCompile>
    <ClCompile Include="CSSetColorDlg.cpp">
      <Filter>Source Files</Filter>
    </ClCompile>
    <ClCompile Include="CSShowElementDlg.cpp">
      <Filter>Source Files</Filter>
    </ClCompile>
    <ClCompile Include="CSTimerCmdSetDlg.cpp">
      <Filter>Source Files</Filter>
    </ClCompile>
    <ClCompile Include="CSTypeDlg.cpp">
      <Filter>Source Files</Filter>
    </ClCompile>
    <ClCompile Include="CSWordDlg.cpp">
      <Filter>Source Files</Filter>
    </ClCompile>
    <ClCompile Include="CSWordTypeDlg.cpp">
      <Filter>Source Files</Filter>
    </ClCompile>
    <ClCompile Include="DateWnd.cpp">
      <Filter>Source Files</Filter>
    </ClCompile>
    <ClCompile Include="DetailMeaning.cpp">
      <Filter>Source Files</Filter>
    </ClCompile>
    <ClCompile Include="GlobalCmdSetDlg.cpp">
      <Filter>Source Files</Filter>
    </ClCompile>
    <ClCompile Include="GlobalSetting.cpp">
      <Filter>Source Files</Filter>
    </ClCompile>
    <ClCompile Include="LibSrc\GradientProgress\GradientProgressCtrl.cpp">
      <Filter>Source Files</Filter>
    </ClCompile>
    <ClCompile Include="HappyBirthdayDlg.cpp">
      <Filter>Source Files</Filter>
    </ClCompile>
    <ClCompile Include="Helper.cpp">
      <Filter>Source Files</Filter>
    </ClCompile>
    <ClCompile Include="LibSrc\HtmlCtrl\HtmlCtrl.cpp">
      <Filter>Source Files</Filter>
    </ClCompile>
    <ClCompile Include="InputDlg.cpp">
      <Filter>Source Files</Filter>
    </ClCompile>
    <ClCompile Include="MeaningCtrl.cpp">
      <Filter>Source Files</Filter>
    </ClCompile>
    <ClCompile Include="MiscCondDlg.cpp">
      <Filter>Source Files</Filter>
    </ClCompile>
    <ClCompile Include="MyHotKeyCtrl.cpp">
      <Filter>Source Files</Filter>
    </ClCompile>
    <ClCompile Include="NavigateWndCreator.cpp">
      <Filter>Source Files</Filter>
    </ClCompile>
    <ClCompile Include="OptionSheet.cpp">
      <Filter>Source Files</Filter>
    </ClCompile>
    <ClCompile Include="LibSrc\OxTooltip\OXToolTipCtrl.cpp">
      <Filter>Source Files</Filter>
    </ClCompile>
    <ClCompile Include="PopupDlg.cpp">
      <Filter>Source Files</Filter>
    </ClCompile>
    <ClCompile Include="PopupHelpStyle.cpp">
      <Filter>Source Files</Filter>
    </ClCompile>
    <ClCompile Include="PractiseResultDlg.cpp">
      <Filter>Source Files</Filter>
    </ClCompile>
    <ClCompile Include="ProgressDlg.cpp">
      <Filter>Source Files</Filter>
    </ClCompile>
    <ClCompile Include="ReciteProgressCtrl.cpp">
      <Filter>Source Files</Filter>
    </ClCompile>
    <ClCompile Include="ReciteSchemeDlg.cpp">
      <Filter>Source Files</Filter>
    </ClCompile>
    <ClCompile Include="LibSrc\greta\regexpr2.cpp">
      <Filter>Source Files</Filter>
    </ClCompile>
    <ClCompile Include="ResizableStyle.cpp">
      <Filter>Source Files</Filter>
    </ClCompile>
    <ClCompile Include="RgnDlg.cpp">
      <Filter>Source Files</Filter>
    </ClCompile>
    <ClCompile Include="RootComposite.cpp">
      <Filter>Source Files</Filter>
    </ClCompile>
    <ClCompile Include="RSColorPage.cpp">
      <Filter>Source Files</Filter>
    </ClCompile>
    <ClCompile Include="RSMiscPage.cpp">
      <Filter>Source Files</Filter>
    </ClCompile>
    <ClCompile Include="ScrollableStyle.cpp">
      <Filter>Source Files</Filter>
    </ClCompile>
    <ClCompile Include="Setting.cpp">
      <Filter>Source Files</Filter>
    </ClCompile>
    <ClCompile Include="StdAfx.cpp">
      <Filter>Source Files</Filter>
    </ClCompile>
    <ClCompile Include="SuperWord.cpp">
      <Filter>Source Files</Filter>
    </ClCompile>
    <ClCompile Include="SuperWordDlg.cpp">
      <Filter>Source Files</Filter>
    </ClCompile>
    <ClCompile Include="LibSrc\greta\syntax2.cpp">
      <Filter>Source Files</Filter>
    </ClCompile>
    <ClCompile Include="TestDlg.cpp">
      <Filter>Source Files</Filter>
    </ClCompile>
    <ClCompile Include="TooltipPropertyPage.cpp">
      <Filter>Source Files</Filter>
    </ClCompile>
    <ClCompile Include="TopableStyle.cpp">
      <Filter>Source Files</Filter>
    </ClCompile>
    <ClCompile Include="TransImgDlg.cpp">
      <Filter>Source Files</Filter>
    </ClCompile>
    <ClCompile Include="WndDecorator.cpp">
      <Filter>Source Files</Filter>
    </ClCompile>
    <ClCompile Include="Word.cpp">
      <Filter>Source Files</Filter>
    </ClCompile>
    <ClCompile Include="WordManager.cpp">
      <Filter>Source Files</Filter>
    </ClCompile>
    <ClCompile Include="WordType.cpp">
      <Filter>Source Files</Filter>
    </ClCompile>
    <ClCompile Include="WordtypeDlg.cpp">
      <Filter>Source Files</Filter>
    </ClCompile>
    <ClCompile Include="WordTypeWnd.cpp">
      <Filter>Source Files</Filter>
    </ClCompile>
  </ItemGroup>
  <ItemGroup>
    <ClInclude Include="AboutDlg.h">
      <Filter>Header Files</Filter>
    </ClInclude>
    <ClInclude Include="AddClassTest.h">
      <Filter>Header Files</Filter>
    </ClInclude>
    <ClInclude Include="LibSrc\buttonST\BtnST.h">
      <Filter>Header Files</Filter>
    </ClInclude>
    <ClInclude Include="LibSrc\CheckableGroupBox\CheckableGroupBox.h">
      <Filter>Header Files</Filter>
    </ClInclude>
    <ClInclude Include="LibSrc\CheckComboBox\CheckComboBox.h">
      <Filter>Header Files</Filter>
    </ClInclude>
    <ClInclude Include="LibSrc\ColorBtn\ColorButton.h">
      <Filter>Header Files</Filter>
    </ClInclude>
    <ClInclude Include="ColorPage.h">
      <Filter>Header Files</Filter>
    </ClInclude>
    <ClInclude Include="LibSrc\ColorBtn\ColourPopup.h">
      <Filter>Header Files</Filter>
    </ClInclude>
    <ClInclude Include="ColourPopup.h">
      <Filter>Header Files</Filter>
    </ClInclude>
    <ClInclude Include="Command.h">
      <Filter>Header Files</Filter>
    </ClInclude>
    <ClInclude Include="Composite.h">
      <Filter>Header Files</Filter>
    </ClInclude>
    <ClInclude Include="CompositeCreator.h">
      <Filter>Header Files</Filter>
    </ClInclude>
    <ClInclude Include="CompositeTreeCtrl.h">
      <Filter>Header Files</Filter>
    </ClInclude>
    <ClInclude Include="ConcreteCommand.h">
      <Filter>Header Files</Filter>
    </ClInclude>
    <ClInclude Include="ConcreteCondition.h">
      <Filter>Header Files</Filter>
    </ClInclude>
    <ClInclude Include="Condition.h">
      <Filter>Header Files</Filter>
    </ClInclude>
    <ClInclude Include="CondSetDlg.h">
      <Filter>Header Files</Filter>
    </ClInclude>
    <ClInclude Include="CSAccelDlg.h">
      <Filter>Header Files</Filter>
    </ClInclude>
    <ClInclude Include="CSAccessTimeDlg.h">
      <Filter>Header Files</Filter>
    </ClInclude>
    <ClInclude Include="CSClassDlg.h">
      <Filter>Header Files</Filter>
    </ClInclude>
    <ClInclude Include="CSHotkeySetDlg.h">
      <Filter>Header Files</Filter>
    </ClInclude>
    <ClInclude Include="CSMeaningDlg.h">
      <Filter>Header Files</Filter>
    </ClInclude>
    <ClInclude Include="CSMiscDlg.h">
      <Filter>Header Files</Filter>
    </ClInclude>
    <ClInclude Include="CSMoveWordCmdSetDlg.h">
      <Filter>Header Files</Filter>
    </ClInclude>
    <ClInclude Include="CSOpenDlgDlg.h">
      <Filter>Header Files</Filter>
    </ClInclude>
    <ClInclude Include="CSPhoneticDlg.h">
      <Filter>Header Files</Filter>
    </ClInclude>
    <ClInclude Include="CSReciteSchemeDlg.h">
      <Filter>Header Files</Filter>
    </ClInclude>
    <ClInclude Include="CSRemarkDlg.h">
      <Filter>Header Files</Filter>
    </ClInclude>
    <ClInclude Include="CSRootDlg.h">
      <Filter>Header Files</Filter>
    </ClInclude>
    <ClInclude Include="CSSetColorDlg.h">
      <Filter>Header Files</Filter>
    </ClInclude>
    <ClInclude Include="CSShowElementDlg.h">
      <Filter>Header Files</Filter>
    </ClInclude>
    <ClInclude Include="CSTimerCmdSetDlg.h">
      <Filter>Header Files</Filter>
    </ClInclude>
    <ClInclude Include="CSTypeDlg.h">
      <Filter>Header Files</Filter>
    </ClInclude>
    <ClInclude Include="CSWordDlg.h">
      <Filter>Header Files</Filter>
    </ClInclude>
    <ClInclude Include="CSWordTypeDlg.h">
      <Filter>Header Files</Filter>
    </ClInclude>
    <ClInclude Include="DateWnd.h">
      <Filter>Header Files</Filter>
    </ClInclude>
    <ClInclude Include="DetailMeaning.h">
      <Filter>Header Files</Filter>
    </ClInclude>
    <ClInclude Include="GlobalCmdSetDlg.h">
      <Filter>Header Files</Filter>
    </ClInclude>
    <ClInclude Include="GlobalSetting.h">
      <Filter>Header Files</Filter>
    </ClInclude>
    <ClInclude Include="LibSrc\GradientProgress\GradientProgressCtrl.h">
      <Filter>Header Files</Filter>
    </ClInclude>
    <ClInclude Include="HappyBirthdayDlg.h">
      <Filter>Header Files</Filter>
    </ClInclude>
    <ClInclude Include="Helper.h">
      <Filter>Header Files</Filter>
    </ClInclude>
    <ClInclude Include="LibSrc\HtmlCtrl\HtmlCtrl.h">
      <Filter>Header Files</Filter>
    </ClInclude>
    <ClInclude Include="InputDlg.h">
      <Filter>Header Files</Filter>
    </ClInclude>
    <ClInclude Include="MeaningCtrl.h">
      <Filter>Header Files</Filter>
    </ClInclude>
    <ClInclude Include="LibSrc\GradientProgress\MemDC.h">
      <Filter>Header Files</Filter>
    </ClInclude>
    <ClInclude Include="MiscCondDlg.h">
      <Filter>Header Files</Filter>
    </ClInclude>
    <ClInclude Include="MyHotKeyCtrl.h">
      <Filter>Header Files</Filter>
    </ClInclude>
    <ClInclude Include="NavigateWnd.h">
      <Filter>Header Files</Filter>
    </ClInclude>
    <ClInclude Include="NavigateWndCreator.h">
      <Filter>Header Files</Filter>
    </ClInclude>
    <ClInclude Include="OptionSheet.h">
      <Filter>Header Files</Filter>
    </ClInclude>
    <ClInclude Include="LibSrc\OxTooltip\OXDllExt.h">
      <Filter>Header Files</Filter>
    </ClInclude>
    <ClInclude Include="LibSrc\OxTooltip\OXToolTipCtrl.h">
      <Filter>Header Files</Filter>
    </ClInclude>
    <ClInclude Include="PopupDlg.h">
      <Filter>Header Files</Filter>
    </ClInclude>
    <ClInclude Include="PopupHelpStyle.h">
      <Filter>Header Files</Filter>
    </ClInclude>
    <ClInclude Include="PractiseResultDlg.h">
      <Filter>Header Files</Filter>
    </ClInclude>
    <ClInclude Include="ProgressDlg.h">
      <Filter>Header Files</Filter>
    </ClInclude>
    <ClInclude Include="ReciteProgressCtrl.h">
      <Filter>Header Files</Filter>
    </ClInclude>
    <ClInclude Include="ReciteSchemeDlg.h">
      <Filter>Header Files</Filter>
    </ClInclude>
    <ClInclude Include="LibSrc\greta\regexpr2.h">
      <Filter>Header Files</Filter>
    </ClInclude>
    <ClInclude Include="LibSrc\greta\reimpl2.h">
      <Filter>Header Files</Filter>
    </ClInclude>
    <ClInclude Include="ResizableStyle.h">
      <Filter>Header Files</Filter>
    </ClInclude>
    <ClInclude Include="Resource.h">
      <Filter>Header Files</Filter>
    </ClInclude>
    <ClInclude Include="LibSrc\greta\restack.h">
      <Filter>Header Files</Filter>
    </ClInclude>
    <ClInclude Include="RgnDlg.h">
      <Filter>Header Files</Filter>
    </ClInclude>
    <ClInclude Include="RootComposite.h">
      <Filter>Header Files</Filter>
    </ClInclude>
    <ClInclude Include="RSColorPage.h">
      <Filter>Header Files</Filter>
    </ClInclude>
    <ClInclude Include="RSMiscPage.h">
      <Filter>Header Files</Filter>
    </ClInclude>
    <ClInclude Include="ScrollableStyle.h">
      <Filter>Header Files</Filter>
    </ClInclude>
    <ClInclude Include="Setting.h">
      <Filter>Header Files</Filter>
    </ClInclude>
    <ClInclude Include="StdAfx.h">
      <Filter>Header Files</Filter>
    </ClInclude>
    <ClInclude Include="SuperWord.h">
      <Filter>Header Files</Filter>
    </ClInclude>
    <ClInclude Include="SuperWordDlg.h">
      <Filter>Header Files</Filter>
    </ClInclude>
    <ClInclude Include="LibSrc\greta\syntax2.h">
      <Filter>Header Files</Filter>
    </ClInclude>
    <ClInclude Include="TestDlg.h">
      <Filter>Header Files</Filter>
    </ClInclude>
    <ClInclude Include="TooltipPropertyPage.h">
      <Filter>Header Files</Filter>
    </ClInclude>
    <ClInclude Include="TopableStyle.h">
      <Filter>Header Files</Filter>
    </ClInclude>
    <ClInclude Include="TransImgDlg.h">
      <Filter>Header Files</Filter>
    </ClInclude>
    <ClInclude Include="WndDecorator.h">
      <Filter>Header Files</Filter>
    </ClInclude>
    <ClInclude Include="Word.h">
      <Filter>Header Files</Filter>
    </ClInclude>
    <ClInclude Include="WordManager.h">
      <Filter>Header Files</Filter>
    </ClInclude>
    <ClInclude Include="WordType.h">
      <Filter>Header Files</Filter>
    </ClInclude>
    <ClInclude Include="WordtypeDlg.h">
      <Filter>Header Files</Filter>
    </ClInclude>
    <ClInclude Include="WordTypeWnd.h">
      <Filter>Header Files</Filter>
    </ClInclude>
  </ItemGroup>
  <ItemGroup>
    <Image Include="res\access_time.ico">
      <Filter>Resource Files</Filter>
    </Image>
    <Image Include="res\and.ico">
      <Filter>Resource Files</Filter>
    </Image>
    <Image Include="res\bitmap1.bmp">
      <Filter>Resource Files</Filter>
    </Image>
    <Image Include="res\bitmap4.bmp">
      <Filter>Resource Files</Filter>
    </Image>
    <Image Include="res\bitmap5.bmp">
      <Filter>Resource Files</Filter>
    </Image>
    <Image Include="res\bitmap6.bmp">
      <Filter>Resource Files</Filter>
    </Image>
    <Image Include="res\check_wr.bmp">
      <Filter>Resource Files</Filter>
    </Image>
    <Image Include="res\chk_right.bmp">
      <Filter>Resource Files</Filter>
    </Image>
    <Image Include="Product\chk_wrong.bmp">
      <Filter>Resource Files</Filter>
    </Image>
    <Image Include="res\chk_wrong.bmp">
      <Filter>Resource Files</Filter>
    </Image>
    <Image Include="res\class.ico">
      <Filter>Resource Files</Filter>
    </Image>
    <Image Include="res\color_cmd.ico">
      <Filter>Resource Files</Filter>
    </Image>
    <Image Include="res\D5.ico">
      <Filter>Resource Files</Filter>
    </Image>
    <Image Include="res\earth.bmp">
      <Filter>Resource Files</Filter>
    </Image>
    <Image Include="res\fdsa.bmp">
      <Filter>Resource Files</Filter>
    </Image>
    <Image Include="res\filter.bmp">
      <Filter>Resource Files</Filter>
    </Image>
    <Image Include="res\filter.ico">
      <Filter>Resource Files</Filter>
    </Image>
    <Image Include="res\filter_small.bmp">
      <Filter>Resource Files</Filter>
    </Image>
    <Image Include="res\glocalcmd.ico">
      <Filter>Resource Files</Filter>
    </Image>
    <Image Include="Product\img\goldfish.bmp">
      <Filter>Resource Files</Filter>
    </Image>
    <Image Include="res\goldfish.bmp">
      <Filter>Resource Files</Filter>
    </Image>
    <Image Include="Product\img\heart.gif">
      <Filter>Resource Files</Filter>
    </Image>
    <Image Include="res\heart.gif">
      <Filter>Resource Files</Filter>
    </Image>
    <Image Include="res\hotkey_cmd.ico">
      <Filter>Resource Files</Filter>
    </Image>
    <Image Include="res\icon1.ico">
      <Filter>Resource Files</Filter>
    </Image>
    <Image Include="res\icon2.ico">
      <Filter>Resource Files</Filter>
    </Image>
    <Image Include="res\icon3.ico">
      <Filter>Resource Files</Filter>
    </Image>
    <Image Include="res\if_cmd.ico">
      <Filter>Resource Files</Filter>
    </Image>
    <Image Include="res\lina.bmp">
      <Filter>Resource Files</Filter>
    </Image>
    <Image Include="res\loadcomp_cmd.ico">
      <Filter>Resource Files</Filter>
    </Image>
    <Image Include="res\meaning.ico">
      <Filter>Resource Files</Filter>
    </Image>
    <Image Include="res\misc_cmd.ico">
      <Filter>Resource Files</Filter>
    </Image>
    <Image Include="res\not.ico">
      <Filter>Resource Files</Filter>
    </Image>
    <Image Include="res\opendlg_cmd.ico">
      <Filter>Resource Files</Filter>
    </Image>
    <Image Include="res\option.bmp">
      <Filter>Resource Files</Filter>
    </Image>
    <Image Include="res\option_small.bmp">
      <Filter>Resource Files</Filter>
    </Image>
    <Image Include="res\or.ico">
      <Filter>Resource Files</Filter>
    </Image>
    <Image Include="res\phonetic.ico">
      <Filter>Resource Files</Filter>
    </Image>
    <Image Include="res\prewordcmd.ico">
      <Filter>Resource Files</Filter>
    </Image>
    <Image Include="res\random_cmd.ico">
      <Filter>Resource Files</Filter>
    </Image>
    <Image Include="res\review1.ico">
      <Filter>Resource Files</Filter>
    </Image>
    <Image Include="res\review2.ico">
      <Filter>Resource Files</Filter>
    </Image>
    <Image Include="res\running.ico">
      <Filter>Resource Files</Filter>
    </Image>
    <Image Include="res\series_cmd.ico">
      <Filter>Resource Files</Filter>
    </Image>
    <Image Include="res\setwordtype_cmd.ico">
      <Filter>Resource Files</Filter>
    </Image>
    <Image Include="res\showelem_cmd.ico">
      <Filter>Resource Files</Filter>
    </Image>
    <Image Include="res\SuperWord.ico">
      <Filter>Resource Files</Filter>
    </Image>
    <Image Include="res\timer_cmd.ico">
      <Filter>Resource Files</Filter>
    </Image>
    <Image Include="res\type.ico">
      <Filter>Resource Files</Filter>
    </Image>
    <Image Include="res\word.ico">
      <Filter>Resource Files</Filter>
    </Image>
    <Image Include="res\wordcalss_small.bmp">
      <Filter>Resource Files</Filter>
    </Image>
    <Image Include="res\wordclass.bmp">
      <Filter>Resource Files</Filter>
    </Image>
  </ItemGroup>
  <ItemGroup>
    <None Include="res\Dragcopy.cur">
      <Filter>Resource Files</Filter>
    </None>
    <None Include="res\Dragmove.cur">
      <Filter>Resource Files</Filter>
    </None>
    <None Include="res\MeaningTemplate.html">
      <Filter>Resource Files</Filter>
    </None>
    <None Include="res\phonetic.dat">
      <Filter>Resource Files</Filter>
    </None>
    <None Include="res\SuperWord.rc2">
      <Filter>Resource Files</Filter>
    </None>
    <None Include="res\Phonet.dat" />
  </ItemGroup>
  <ItemGroup>
    <Text Include="res\lina_script.txt">
      <Filter>Resource Files</Filter>
    </Text>
    <Text Include="Vkname.txt" />
  </ItemGroup>
  <ItemGroup>
    <ResourceCompile Include="SuperWord.rc">
      <Filter>Resource Files</Filter>
    </ResourceCompile>
  </ItemGroup>
  <ItemGroup>
    <Font Include="res\Phonet.ttf" />
  </ItemGroup>
</Project>